
Microsoft Visual Studio Solution File, Format Version 12.00
# Visual Studio 2013
VisualStudioVersion = 12.0.21005.1
MinimumVisualStudioVersion = 10.0.40219.1
Project("{FAE04EC0-301F-11D3-BF4B-00C04F79EFBC}") = "TranslationTool", "TranslationTool\TranslationTool.csproj", "{A6A8E3F2-CF0E-407D-AA6F-FC32CFBE5397}"
EndProject
Project("{FAE04EC0-301F-11D3-BF4B-00C04F79EFBC}") = "TranslationDatabase", "TranslationDatabase\TranslationDatabase.csproj", "{DED254DA-5864-4CEA-9475-C5A8CA6B4911}"
EndProject
Project("{FAE04EC0-301F-11D3-BF4B-00C04F79EFBC}") = "TranslationWebDatabase", "TranslationWebDatabase\TranslationWebDatabase.csproj", "{5519E369-DB54-4CAE-ABD3-28103548C437}"
EndProject
Global
	GlobalSection(SolutionConfigurationPlatforms) = preSolution
		Debug|Any CPU = Debug|Any CPU
		Release|Any CPU = Release|Any CPU
	EndGlobalSection
	GlobalSection(ProjectConfigurationPlatforms) = postSolution
		{A6A8E3F2-CF0E-407D-AA6F-FC32CFBE5397}.Debug|Any CPU.ActiveCfg = Debug|Any CPU
		{A6A8E3F2-CF0E-407D-AA6F-FC32CFBE5397}.Debug|Any CPU.Build.0 = Debug|Any CPU
		{A6A8E3F2-CF0E-407D-AA6F-FC32CFBE5397}.Release|Any CPU.ActiveCfg = Release|Any CPU
		{A6A8E3F2-CF0E-407D-AA6F-FC32CFBE5397}.Release|Any CPU.Build.0 = Release|Any CPU
		{DED254DA-5864-4CEA-9475-C5A8CA6B4911}.Debug|Any CPU.ActiveCfg = Debug|Any CPU
		{DED254DA-5864-4CEA-9475-C5A8CA6B4911}.Debug|Any CPU.Build.0 = Debug|Any CPU
		{DED254DA-5864-4CEA-9475-C5A8CA6B4911}.Release|Any CPU.ActiveCfg = Release|Any CPU
		{DED254DA-5864-4CEA-9475-C5A8CA6B4911}.Release|Any CPU.Build.0 = Release|Any CPU
		{5519E369-DB54-4CAE-ABD3-28103548C437}.Debug|Any CPU.ActiveCfg = Debug|Any CPU
		{5519E369-DB54-4CAE-ABD3-28103548C437}.Debug|Any CPU.Build.0 = Debug|Any CPU
		{5519E369-DB54-4CAE-ABD3-28103548C437}.Release|Any CPU.ActiveCfg = Release|Any CPU
		{5519E369-DB54-4CAE-ABD3-28103548C437}.Release|Any CPU.Build.0 = Release|Any CPU
	EndGlobalSection
	GlobalSection(SolutionProperties) = preSolution
		HideSolutionNode = FALSE
	EndGlobalSection
EndGlobal
